// !$*UTF8*$!
{
	archiveVersion = 1;
	classes = {
	};
	objectVersion = 46;
	objects = {

/* Begin PBXBuildFile section */
		F1E6664F1B43B3DF005918C2 /* AppDelegate.swift in Sources */ = {isa = PBXBuildFile; fileRef = F1E6664E1B43B3DF005918C2 /* AppDelegate.swift */; };
		F1E666541B43B3DF005918C2 /* Main.storyboard in Resources */ = {isa = PBXBuildFile; fileRef = F1E666521B43B3DF005918C2 /* Main.storyboard */; };
		F1E666561B43B3DF005918C2 /* Images.xcassets in Resources */ = {isa = PBXBuildFile; fileRef = F1E666551B43B3DF005918C2 /* Images.xcassets */; };
		F1E666591B43B3DF005918C2 /* LaunchScreen.xib in Resources */ = {isa = PBXBuildFile; fileRef = F1E666571B43B3DF005918C2 /* LaunchScreen.xib */; };
		F1E666651B43B3DF005918C2 /* HappinessTests.swift in Sources */ = {isa = PBXBuildFile; fileRef = F1E666641B43B3DF005918C2 /* HappinessTests.swift */; };
		F1E6666F1B43B888005918C2 /* HappinessViewController.swift in Sources */ = {isa = PBXBuildFile; fileRef = F1E6666E1B43B888005918C2 /* HappinessViewController.swift */; };
		F1E666711B43B929005918C2 /* FaceView.swift in Sources */ = {isa = PBXBuildFile; fileRef = F1E666701B43B929005918C2 /* FaceView.swift */; };
/* End PBXBuildFile section */

/* Begin PBXContainerItemProxy section */
		F1E6665F1B43B3DF005918C2 /* PBXContainerItemProxy */ = {
			isa = PBXContainerItemProxy;
			containerPortal = F1E666411B43B3DF005918C2 /* Project object */;
			proxyType = 1;
			remoteGlobalIDString = F1E666481B43B3DF005918C2;
			remoteInfo = Happiness;
		};
/* End PBXContainerItemProxy section */

/* Begin PBXFileReference section */
		F1E666491B43B3DF005918C2 /* Happiness.app */ = {isa = PBXFileReference; explicitFileType = wrapper.application; includeInIndex = 0; path = Happiness.app; sourceTree = BUILT_PRODUCTS_DIR; };
		F1E6664D1B43B3DF005918C2 /* Info.plist */ = {isa = PBXFileReference; lastKnownFileType = text.plist.xml; path = Info.plist; sourceTree = "<group>"; };
		F1E6664E1B43B3DF005918C2 /* AppDelegate.swift */ = {isa = PBXFileReference; lastKnownFileType = sourcecode.swift; path = AppDelegate.swift; sourceTree = "<group>"; };
		F1E666531B43B3DF005918C2 /* Base */ = {isa = PBXFileReference; lastKnownFileType = file.storyboard; name = Base; path = Base.lproj/Main.storyboard; sourceTree = "<group>"; };
		F1E666551B43B3DF005918C2 /* Images.xcassets */ = {isa = PBXFileReference; lastKnownFileType = folder.assetcatalog; path = Images.xcassets; sourceTree = "<group>"; };
		F1E666581B43B3DF005918C2 /* Base */ = {isa = PBXFileReference; lastKnownFileType = file.xib; name = Base; path = Base.lproj/LaunchScreen.xib; sourceTree = "<group>"; };
		F1E6665E1B43B3DF005918C2 /* HappinessTests.xctest */ = {isa = PBXFileReference; explicitFileType = wrapper.cfbundle; includeInIndex = 0; path = HappinessTests.xctest; sourceTree = BUILT_PRODUCTS_DIR; };
		F1E666631B43B3DF005918C2 /* Info.plist */ = {isa = PBXFileReference; lastKnownFileType = text.plist.xml; path = Info.plist; sourceTree = "<group>"; };
		F1E666641B43B3DF005918C2 /* HappinessTests.swift */ = {isa = PBXFileReference; lastKnownFileType = sourcecode.swift; path = HappinessTests.swift; sourceTree = "<group>"; };
		F1E6666E1B43B888005918C2 /* HappinessViewController.swift */ = {isa = PBXFileReference; fileEncoding = 4; lastKnownFileType = sourcecode.swift; path = HappinessViewController.swift; sourceTree = "<group>"; };
		F1E666701B43B929005918C2 /* FaceView.swift */ = {isa = PBXFileReference; fileEncoding = 4; lastKnownFileType = sourcecode.swift; path = FaceView.swift; sourceTree = "<group>"; };
/* End PBXFileReference section */

/* Begin PBXFrameworksBuildPhase section */
		F1E666461B43B3DF005918C2 /* Frameworks */ = {
			isa = PBXFrameworksBuildPhase;
			buildActionMask = 2147483647;
			files = (
			);
			runOnlyForDeploymentPostprocessing = 0;
		};
		F1E6665B1B43B3DF005918C2 /* Frameworks */ = {
			isa = PBXFrameworksBuildPhase;
			buildActionMask = 2147483647;
			files = (
			);
			runOnlyForDeploymentPostprocessing = 0;
		};
/* End PBXFrameworksBuildPhase section */

/* Begin PBXGroup section */
		F1E666401B43B3DF005918C2 = {
			isa = PBXGroup;
			children = (
				F1E6664B1B43B3DF005918C2 /* Happiness */,
				F1E666611B43B3DF005918C2 /* HappinessTests */,
				F1E6664A1B43B3DF005918C2 /* Products */,
			);
			sourceTree = "<group>";
		};
		F1E6664A1B43B3DF005918C2 /* Products */ = {
			isa = PBXGroup;
			children = (
				F1E666491B43B3DF005918C2 /* Happiness.app */,
				F1E6665E1B43B3DF005918C2 /* HappinessTests.xctest */,
			);
			name = Products;
			sourceTree = "<group>";
		};
		F1E6664B1B43B3DF005918C2 /* Happiness */ = {
			isa = PBXGroup;
			children = (
				F1E666521B43B3DF005918C2 /* Main.storyboard */,
				F1E6666E1B43B888005918C2 /* HappinessViewController.swift */,
				F1E666701B43B929005918C2 /* FaceView.swift */,
				F1E6664C1B43B3DF005918C2 /* Supporting Files */,
			);
			path = Happiness;
			sourceTree = "<group>";
		};
		F1E6664C1B43B3DF005918C2 /* Supporting Files */ = {
			isa = PBXGroup;
			children = (
				F1E666571B43B3DF005918C2 /* LaunchScreen.xib */,
				F1E666551B43B3DF005918C2 /* Images.xcassets */,
				F1E6664E1B43B3DF005918C2 /* AppDelegate.swift */,
				F1E6664D1B43B3DF005918C2 /* Info.plist */,
			);
			name = "Supporting Files";
			sourceTree = "<group>";
		};
		F1E666611B43B3DF005918C2 /* HappinessTests */ = {
			isa = PBXGroup;
			children = (
				F1E666641B43B3DF005918C2 /* HappinessTests.swift */,
				F1E666621B43B3DF005918C2 /* Supporting Files */,
			);
			path = HappinessTests;
			sourceTree = "<group>";
		};
		F1E666621B43B3DF005918C2 /* Supporting Files */ = {
			isa = PBXGroup;
			children = (
				F1E666631B43B3DF005918C2 /* Info.plist */,
			);
			name = "Supporting Files";
			sourceTree = "<group>";
		};
/* End PBXGroup section */

/* Begin PBXNativeTarget section */
		F1E666481B43B3DF005918C2 /* Happiness */ = {
			isa = PBXNativeTarget;
			buildConfigurationList = F1E666681B43B3DF005918C2 /* Build configuration list for PBXNativeTarget "Happiness" */;
			buildPhases = (
				F1E666451B43B3DF005918C2 /* Sources */,
				F1E666461B43B3DF005918C2 /* Frameworks */,
				F1E666471B43B3DF005918C2 /* Resources */,
			);
			buildRules = (
			);
			dependencies = (
			);
			name = Happiness;
			productName = Happiness;
			productReference = F1E666491B43B3DF005918C2 /* Happiness.app */;
			productType = "com.apple.product-type.application";
		};
		F1E6665D1B43B3DF005918C2 /* HappinessTests */ = {
			isa = PBXNativeTarget;
			buildConfigurationList = F1E6666B1B43B3DF005918C2 /* Build configuration list for PBXNativeTarget "HappinessTests" */;
			buildPhases = (
				F1E6665A1B43B3DF005918C2 /* Sources */,
				F1E6665B1B43B3DF005918C2 /* Frameworks */,
				F1E6665C1B43B3DF005918C2 /* Resources */,
			);
			buildRules = (
			);
			dependencies = (
				F1E666601B43B3DF005918C2 /* PBXTargetDependency */,
			);
			name = HappinessTests;
			productName = HappinessTests;
			productReference = F1E6665E1B43B3DF005918C2 /* HappinessTests.xctest */;
			productType = "com.apple.product-type.bundle.unit-test";
		};
/* End PBXNativeTarget section */

/* Begin PBXProject section */
		F1E666411B43B3DF005918C2 /* Project object */ = {
			isa = PBXProject;
			attributes = {
				LastUpgradeCheck = 0630;
				ORGANIZATIONNAME = "Michael Tran";
				TargetAttributes = {
					F1E666481B43B3DF005918C2 = {
						CreatedOnToolsVersion = 6.3.2;
					};
					F1E6665D1B43B3DF005918C2 = {
						CreatedOnToolsVersion = 6.3.2;
						TestTargetID = F1E666481B43B3DF005918C2;
					};
				};
			};
			buildConfigurationList = F1E666441B43B3DF005918C2 /* Build configuration list for PBXProject "Happiness" */;
			compatibilityVersion = "Xcode 3.2";
			developmentRegion = English;
			hasScannedForEncodings = 0;
			knownRegions = (
				en,
				Base,
			);
			mainGroup = F1E666401B43B3DF005918C2;
			productRefGroup = F1E6664A1B43B3DF005918C2 /* Products */;
			projectDirPath = "";
			projectRoot = "";
			targets = (
				F1E666481B43B3DF005918C2 /* Happiness */,
				F1E6665D1B43B3DF005918C2 /* HappinessTests */,
			);
		};
/* End PBXProject section */

/* Begin PBXResourcesBuildPhase section */
		F1E666471B43B3DF005918C2 /* Resources */ = {
			isa = PBXResourcesBuildPhase;
			buildActionMask = 2147483647;
			files = (
				F1E666541B43B3DF005918C2 /* Main.storyboard in Resources */,
				F1E666591B43B3DF005918C2 /* LaunchScreen.xib in Resources */,
				F1E666561B43B3DF005918C2 /* Images.xcassets in Resources */,
			);
			runOnlyForDeploymentPostprocessing = 0;
		};
		F1E6665C1B43B3DF005918C2 /* Resources */ = {
			isa = PBXResourcesBuildPhase;
			buildActionMask = 2147483647;
			files = (
			);
			runOnlyForDeploymentPostprocessing = 0;
		};
/* End PBXResourcesBuildPhase section */

/* Begin PBXSourcesBuildPhase section */
		F1E666451B43B3DF005918C2 /* Sources */ = {
			isa = PBXSourcesBuildPhase;
			buildActionMask = 2147483647;
			files = (
				F1E6666F1B43B888005918C2 /* HappinessViewController.swift in Sources */,
				F1E6664F1B43B3DF005918C2 /* AppDelegate.swift in Sources */,
				F1E666711B43B929005918C2 /* FaceView.swift in Sources */,
			);
			runOnlyForDeploymentPostprocessing = 0;
		};
		F1E6665A1B43B3DF005918C2 /* Sources */ = {
			isa = PBXSourcesBuildPhase;
			buildActionMask = 2147483647;
			files = (
				F1E666651B43B3DF005918C2 /* HappinessTests.swift in Sources */,
			);
			runOnlyForDeploymentPostprocessing = 0;
		};
/* End PBXSourcesBuildPhase section */

/* Begin PBXTargetDependency section */
		F1E666601B43B3DF005918C2 /* PBXTargetDependency */ = {
			isa = PBXTargetDependency;
			target = F1E666481B43B3DF005918C2 /* Happiness */;
			targetProxy = F1E6665F1B43B3DF005918C2 /* PBXContainerItemProxy */;
		};
/* End PBXTargetDependency section */

/* Begin PBXVariantGroup section */
		F1E666521B43B3DF005918C2 /* Main.storyboard */ = {
			isa = PBXVariantGroup;
			children = (
				F1E666531B43B3DF005918C2 /* Base */,
			);
			name = Main.storyboard;
			sourceTree = "<group>";
		};
		F1E666571B43B3DF005918C2 /* LaunchScreen.xib */ = {
			isa = PBXVariantGroup;
			children = (
				F1E666581B43B3DF005918C2 /* Base */,
			);
			name = LaunchScreen.xib;
			sourceTree = "<group>";
		};
/* End PBXVariantGroup section */

/* Begin XCBuildConfiguration section */
		F1E666661B43B3DF005918C2 /* Debug */ = {
			isa = XCBuildConfiguration;
			buildSettings = {
				ALWAYS_SEARCH_USER_PATHS = NO;
				CLANG_CXX_LANGUAGE_STANDARD = "gnu++0x";
				CLANG_CXX_LIBRARY = "libc++";
				CLANG_ENABLE_MODULES = YES;
				CLANG_ENABLE_OBJC_ARC = YES;
				CLANG_WARN_BOOL_CONVERSION = YES;
				CLANG_WARN_CONSTANT_CONVERSION = YES;
				CLANG_WARN_DIRECT_OBJC_ISA_USAGE = YES_ERROR;
				CLANG_WARN_EMPTY_BODY = YES;
				CLANG_WARN_ENUM_CONVERSION = YES;
				CLANG_WARN_INT_CONVERSION = YES;
				CLANG_WARN_OBJC_ROOT_CLASS = YES_ERROR;
				CLANG_WARN_UNREACHABLE_CODE = YES;
				CLANG_WARN__DUPLICATE_METHOD_MATCH = YES;
				"CODE_SIGN_IDENTITY[sdk=iphoneos*]" = "iPhone Developer";
				COPY_PHASE_STRIP = NO;
				DEBUG_INFORMATION_FORMAT = "dwarf-with-dsym";
				ENABLE_STRICT_OBJC_MSGSEND = YES;
				GCC_C_LANGUAGE_STANDARD = gnu99;
				GCC_DYNAMIC_NO_PIC = NO;
				GCC_NO_COMMON_BLOCKS = YES;
				GCC_OPTIMIZATION_LEVEL = 0;
				GCC_PREPROCESSOR_DEFINITIONS = (
					"DEBUG=1",
					"$(inherited)",
				);
				GCC_SYMBOLS_PRIVATE_EXTERN = NO;
				GCC_WARN_64_TO_32_BIT_CONVERSION = YES;
				GCC_WARN_ABOUT_RETURN_TYPE = YES_ERROR;
				GCC_WARN_UNDECLARED_SELECTOR = YES;
				GCC_WARN_UNINITIALIZED_AUTOS = YES_AGGRESSIVE;
				GCC_WARN_UNUSED_FUNCTION = YES;
				GCC_WARN_UNUSED_VARIABLE = YES;
				IPHONEOS_DEPLOYMENT_TARGET = 8.3;
				MTL_ENABLE_DEBUG_INFO = YES;
				ONLY_ACTIVE_ARCH = YES;
				SDKROOT = iphoneos;
				SWIFT_OPTIMIZATION_LEVEL = "-Onone";
				TARGETED_DEVICE_FAMILY = "1,2";
			};
			name = Debug;
		};
		F1E666671B43B3DF005918C2 /* Release */ = {
			isa = XCBuildConfiguration;
			buildSettings = {
				ALWAYS_SEARCH_USER_PATHS = NO;
				CLANG_CXX_LANGUAGE_STANDARD = "gnu++0x";
				CLANG_CXX_LIBRARY = "libc++";
				CLANG_ENABLE_MODULES = YES;
				CLANG_ENABLE_OBJC_ARC = YES;
				CLANG_WARN_BOOL_CONVERSION = YES;
				CLANG_WARN_CONSTANT_CONVERSION = YES;
				CLANG_WARN_DIRECT_OBJC_ISA_USAGE = YES_ERROR;
				CLANG_WARN_EMPTY_BODY = YES;
				CLANG_WARN_ENUM_CONVERSION = YES;
				CLANG_WARN_INT_CONVERSION = YES;
				CLANG_WARN_OBJC_ROOT_CLASS = YES_ERROR;
				CLANG_WARN_UNREACHABLE_CODE = YES;
				CLANG_WARN__DUPLICATE_METHOD_MATCH = YES;
				"CODE_SIGN_IDENTITY[sdk=iphoneos*]" = "iPhone Developer";
				COPY_PHASE_STRIP = NO;
				DEBUG_INFORMATION_FORMAT = "dwarf-with-dsym";
				ENABLE_NS_ASSERTIONS = NO;
				ENABLE_STRICT_OBJC_MSGSEND = YES;
				GCC_C_LANGUAGE_STANDARD = gnu99;
				GCC_NO_COMMON_BLOCKS = YES;
				GCC_WARN_64_TO_32_BIT_CONVERSION = YES;
				GCC_WARN_ABOUT_RETURN_TYPE = YES_ERROR;
				GCC_WARN_UNDECLARED_SELECTOR = YES;
				GCC_WARN_UNINITIALIZED_AUTOS = YES_AGGRESSIVE;
				GCC_WARN_UNUSED_FUNCTION = YES;
				GCC_WARN_UNUSED_VARIABLE = YES;
				IPHONEOS_DEPLOYMENT_TARGET = 8.3;
				MTL_ENABLE_DEBUG_INFO = NO;
				SDKROOT = iphoneos;
				TARGETED_DEVICE_FAMILY = "1,2";
				VALIDATE_PRODUCT = YES;
			};
			name = Release;
		};
		F1E666691B43B3DF005918C2 /* Debug */ = {
			isa = XCBuildConfiguration;
			buildSettings = {
				ASSETCATALOG_COMPILER_APPICON_NAME = AppIcon;
				INFOPLIST_FILE = Happiness/Info.plist;
				LD_RUNPATH_SEARCH_PATHS = "$(inherited) @executable_path/Frameworks";
				PRODUCT_NAME = "$(TARGET_NAME)";
			};
			name = Debug;
		};
		F1E6666A1B43B3DF005918C2 /* Release */ = {
			isa = XCBuildConfiguration;
			buildSettings = {
				ASSETCATALOG_COMPILER_APPICON_NAME = AppIcon;
				INFOPLIST_FILE = Happiness/Info.plist;
				LD_RUNPATH_SEARCH_PATHS = "$(inherited) @executable_path/Frameworks";
				PRODUCT_NAME = "$(TARGET_NAME)";
			};
			name = Release;
		};
		F1E6666C1B43B3DF005918C2 /* Debug */ = {
			isa = XCBuildConfiguration;
			buildSettings = {
				BUNDLE_LOADER = "$(TEST_HOST)";
				FRAMEWORK_SEARCH_PATHS = (
					"$(SDKROOT)/Developer/Library/Frameworks",
					"$(inherited)",
				);
				GCC_PREPROCESSOR_DEFINITIONS = (
					"DEBUG=1",
					"$(inherited)",
				);
				INFOPLIST_FILE = HappinessTests/Info.plist;
				LD_RUNPATH_SEARCH_PATHS = "$(inherited) @executable_path/Frameworks @loader_path/Frameworks";
				PRODUCT_NAME = "$(TARGET_NAME)";
				TEST_HOST = "$(BUILT_PRODUCTS_DIR)/Happiness.app/Happiness";
			};
			name = Debug;
		};
		F1E6666D1B43B3DF005918C2 /* Release */ = {
			isa = XCBuildConfiguration;
			buildSettings = {
				BUNDLE_LOADER = "$(TEST_HOST)";
				FRAMEWORK_SEARCH_PATHS = (
					"$(SDKROOT)/Developer/Library/Frameworks",
					"$(inherited)",
				);
				INFOPLIST_FILE = HappinessTests/Info.plist;
				LD_RUNPATH_SEARCH_PATHS = "$(inherited) @executable_path/Frameworks @loader_path/Frameworks";
				PRODUCT_NAME = "$(TARGET_NAME)";
				TEST_HOST = "$(BUILT_PRODUCTS_DIR)/Happiness.app/Happiness";
			};
			name = Release;
		};
/* End XCBuildConfiguration section */

/* Begin XCConfigurationList section */
		F1E666441B43B3DF005918C2 /* Build configuration list for PBXProject "Happiness" */ = {
			isa = XCConfigurationList;
			buildConfigurations = (
				F1E666661B43B3DF005918C2 /* Debug */,
				F1E666671B43B3DF005918C2 /* Release */,
			);
			defaultConfigurationIsVisible = 0;
			defaultConfigurationName = Release;
		};
		F1E666681B43B3DF005918C2 /* Build configuration list for PBXNativeTarget "Happiness" */ = {
			isa = XCConfigurationList;
			buildConfigurations = (
				F1E666691B43B3DF005918C2 /* Debug */,
				F1E6666A1B43B3DF005918C2 /* Release */,
			);
			defaultConfigurationIsVisible = 0;
			defaultConfigurationName = Release;
		};
		F1E6666B1B43B3DF005918C2 /* Build configuration list for PBXNativeTarget "HappinessTests" */ = {
			isa = XCConfigurationList;
			buildConfigurations = (
				F1E6666C1B43B3DF005918C2 /* Debug */,
				F1E6666D1B43B3DF005918C2 /* Release */,
			);
			defaultConfigurationIsVisible = 0;
			defaultConfigurationName = Release;
		};
/* End XCConfigurationList section */
	};
	rootObject = F1E666411B43B3DF005918C2 /* Project object */;
}
